
Microsoft Visual Studio Solution File, Format Version 12.00
Project("{2150E333-8FDC-42A3-9474-1A3956D46DE8}") = "src", "src", "{4E7DD6CC-9E9D-497E-9AC5-E9F397759184}"
EndProject
Project("{2150E333-8FDC-42A3-9474-1A3956D46DE8}") = "Core", "Core", "{D0512FFD-BC48-4A7D-80E7-168BC01C76C0}"
EndProject
Project("{FAE04EC0-301F-11D3-BF4B-00C04F79EFBC}") = "Application", "Core\Application\Application.csproj", "{5762C58F-B75F-47E8-A57A-DC2DA3BDB9A3}"
EndProject
Project("{FAE04EC0-301F-11D3-BF4B-00C04F79EFBC}") = "Domain", "Core\Domain\Domain.csproj", "{9C6FD703-1435-4CD6-809D-6F9A5B743D16}"
EndProject
Project("{2150E333-8FDC-42A3-9474-1A3956D46DE8}") = "Infrastructure", "Infrastructure", "{E2C4AEE8-4906-471D-9217-CF4A46DB1317}"
EndProject
Project("{FAE04EC0-301F-11D3-BF4B-00C04F79EFBC}") = "Infrastructure.Identity", "Infrastructure\Infrastructure.Identity\Infrastructure.Identity.csproj", "{FA36A419-8458-440F-AD6B-DE1CA0BA4140}"
EndProject
Project("{FAE04EC0-301F-11D3-BF4B-00C04F79EFBC}") = "Infrastructure.Shared", "Infrastructure\Infrastructure.Shared\Infrastructure.Shared.csproj", "{70B415EF-77F1-464D-AE2B-C5D6A7AC5470}"
EndProject
Project("{FAE04EC0-301F-11D3-BF4B-00C04F79EFBC}") = "Infrastructure.Persistence", "Infrastructure\Infrastructure.Persistence\Infrastructure.Persistence.csproj", "{2F3F2AB6-16F0-443D-AEB4-1FD390A42434}"
EndProject
Project("{2150E333-8FDC-42A3-9474-1A3956D46DE8}") = "Presentation", "Presentation", "{20A474A9-5E81-4E4B-B502-1D78F4EC60ED}"
EndProject
Project("{FAE04EC0-301F-11D3-BF4B-00C04F79EFBC}") = "WebApi", "WebApi\WebApi.csproj", "{74407589-7956-4630-9A81-985F9D9E1506}"
EndProject
Global
	GlobalSection(SolutionConfigurationPlatforms) = preSolution
		Debug|Any CPU = Debug|Any CPU
		Release|Any CPU = Release|Any CPU
	EndGlobalSection
	GlobalSection(NestedProjects) = preSolution
		{D0512FFD-BC48-4A7D-80E7-168BC01C76C0} = {4E7DD6CC-9E9D-497E-9AC5-E9F397759184}
		{5762C58F-B75F-47E8-A57A-DC2DA3BDB9A3} = {D0512FFD-BC48-4A7D-80E7-168BC01C76C0}
		{9C6FD703-1435-4CD6-809D-6F9A5B743D16} = {D0512FFD-BC48-4A7D-80E7-168BC01C76C0}
		{E2C4AEE8-4906-471D-9217-CF4A46DB1317} = {4E7DD6CC-9E9D-497E-9AC5-E9F397759184}
		{FA36A419-8458-440F-AD6B-DE1CA0BA4140} = {E2C4AEE8-4906-471D-9217-CF4A46DB1317}
		{70B415EF-77F1-464D-AE2B-C5D6A7AC5470} = {E2C4AEE8-4906-471D-9217-CF4A46DB1317}
		{2F3F2AB6-16F0-443D-AEB4-1FD390A42434} = {E2C4AEE8-4906-471D-9217-CF4A46DB1317}
		{20A474A9-5E81-4E4B-B502-1D78F4EC60ED} = {4E7DD6CC-9E9D-497E-9AC5-E9F397759184}
		{74407589-7956-4630-9A81-985F9D9E1506} = {20A474A9-5E81-4E4B-B502-1D78F4EC60ED}
	EndGlobalSection
	GlobalSection(ProjectConfigurationPlatforms) = postSolution
		{5762C58F-B75F-47E8-A57A-DC2DA3BDB9A3}.Debug|Any CPU.ActiveCfg = Debug|Any CPU
		{5762C58F-B75F-47E8-A57A-DC2DA3BDB9A3}.Debug|Any CPU.Build.0 = Debug|Any CPU
		{5762C58F-B75F-47E8-A57A-DC2DA3BDB9A3}.Release|Any CPU.ActiveCfg = Release|Any CPU
		{5762C58F-B75F-47E8-A57A-DC2DA3BDB9A3}.Release|Any CPU.Build.0 = Release|Any CPU
		{9C6FD703-1435-4CD6-809D-6F9A5B743D16}.Debug|Any CPU.ActiveCfg = Debug|Any CPU
		{9C6FD703-1435-4CD6-809D-6F9A5B743D16}.Debug|Any CPU.Build.0 = Debug|Any CPU
		{9C6FD703-1435-4CD6-809D-6F9A5B743D16}.Release|Any CPU.ActiveCfg = Release|Any CPU
		{9C6FD703-1435-4CD6-809D-6F9A5B743D16}.Release|Any CPU.Build.0 = Release|Any CPU
		{FA36A419-8458-440F-AD6B-DE1CA0BA4140}.Debug|Any CPU.ActiveCfg = Debug|Any CPU
		{FA36A419-8458-440F-AD6B-DE1CA0BA4140}.Debug|Any CPU.Build.0 = Debug|Any CPU
		{FA36A419-8458-440F-AD6B-DE1CA0BA4140}.Release|Any CPU.ActiveCfg = Release|Any CPU
		{FA36A419-8458-440F-AD6B-DE1CA0BA4140}.Release|Any CPU.Build.0 = Release|Any CPU
		{70B415EF-77F1-464D-AE2B-C5D6A7AC5470}.Debug|Any CPU.ActiveCfg = Debug|Any CPU
		{70B415EF-77F1-464D-AE2B-C5D6A7AC5470}.Debug|Any CPU.Build.0 = Debug|Any CPU
		{70B415EF-77F1-464D-AE2B-C5D6A7AC5470}.Release|Any CPU.ActiveCfg = Release|Any CPU
		{70B415EF-77F1-464D-AE2B-C5D6A7AC5470}.Release|Any CPU.Build.0 = Release|Any CPU
		{2F3F2AB6-16F0-443D-AEB4-1FD390A42434}.Debug|Any CPU.ActiveCfg = Debug|Any CPU
		{2F3F2AB6-16F0-443D-AEB4-1FD390A42434}.Debug|Any CPU.Build.0 = Debug|Any CPU
		{2F3F2AB6-16F0-443D-AEB4-1FD390A42434}.Release|Any CPU.ActiveCfg = Release|Any CPU
		{2F3F2AB6-16F0-443D-AEB4-1FD390A42434}.Release|Any CPU.Build.0 = Release|Any CPU
		{74407589-7956-4630-9A81-985F9D9E1506}.Debug|Any CPU.ActiveCfg = Debug|Any CPU
		{74407589-7956-4630-9A81-985F9D9E1506}.Debug|Any CPU.Build.0 = Debug|Any CPU
		{74407589-7956-4630-9A81-985F9D9E1506}.Release|Any CPU.ActiveCfg = Release|Any CPU
		{74407589-7956-4630-9A81-985F9D9E1506}.Release|Any CPU.Build.0 = Release|Any CPU
	EndGlobalSection
EndGlobal
